
Microsoft Visual Studio Solution File, Format Version 12.00
Project("{FAE04EC0-301F-11D3-BF4B-00C04F79EFBC}") = "Triangles exercise", "Triangles exercise\Triangles exercise.csproj", "{B89A7037-B37F-4898-9EF8-417E815717FF}"
EndProject
Global
	GlobalSection(SolutionConfigurationPlatforms) = preSolution
		Debug|Any CPU = Debug|Any CPU
		Release|Any CPU = Release|Any CPU
	EndGlobalSection
	GlobalSection(ProjectConfigurationPlatforms) = postSolution
		{B89A7037-B37F-4898-9EF8-417E815717FF}.Debug|Any CPU.ActiveCfg = Debug|Any CPU
		{B89A7037-B37F-4898-9EF8-417E815717FF}.Debug|Any CPU.Build.0 = Debug|Any CPU
		{B89A7037-B37F-4898-9EF8-417E815717FF}.Release|Any CPU.ActiveCfg = Release|Any CPU
		{B89A7037-B37F-4898-9EF8-417E815717FF}.Release|Any CPU.Build.0 = Release|Any CPU
	EndGlobalSection
EndGlobal
